
Microsoft Visual Studio Solution File, Format Version 12.00
# Visual Studio 15
Project("{FAE04EC0-301F-11D3-BF4B-00C04F79EFBC}") = "Assembly-CSharp", "Assembly-CSharp.csproj", "{2FEBBED6-CBB8-D230-C8C0-E3B9B5E2EABF}"
EndProject
Global
	GlobalSection(SolutionConfigurationPlatforms) = preSolution
		Debug|Any CPU = Debug|Any CPU
		Release|Any CPU = Release|Any CPU
	EndGlobalSection
	GlobalSection(ProjectConfigurationPlatforms) = postSolution
		{2FEBBED6-CBB8-D230-C8C0-E3B9B5E2EABF}.Debug|Any CPU.ActiveCfg = Debug|Any CPU
		{2FEBBED6-CBB8-D230-C8C0-E3B9B5E2EABF}.Debug|Any CPU.Build.0 = Debug|Any CPU
		{2FEBBED6-CBB8-D230-C8C0-E3B9B5E2EABF}.Release|Any CPU.ActiveCfg = Release|Any CPU
		{2FEBBED6-CBB8-D230-C8C0-E3B9B5E2EABF}.Release|Any CPU.Build.0 = Release|Any CPU
	EndGlobalSection
	GlobalSection(SolutionProperties) = preSolution
		HideSolutionNode = FALSE
	EndGlobalSection
EndGlobal
